
Microsoft Visual Studio Solution File, Format Version 12.00
# Visual Studio Version 16
VisualStudioVersion = 16.0.30128.74
MinimumVisualStudioVersion = 10.0.40219.1
Project("{2150E333-8FDC-42A3-9474-1A3956D46DE8}") = "01 Apis", "01 Apis", "{DAD37EDC-AD77-4E70-B2ED-39D9B4B7A13C}"
EndProject
Project("{2150E333-8FDC-42A3-9474-1A3956D46DE8}") = "02 Domain", "02 Domain", "{65E4B508-A4D3-411B-9CBA-B0082E28B356}"
EndProject
Project("{2150E333-8FDC-42A3-9474-1A3956D46DE8}") = "04 Entities", "04 Entities", "{3CB9D79A-D7F1-4A5D-A51A-FCF34AAD7D95}"
EndProject
Project("{2150E333-8FDC-42A3-9474-1A3956D46DE8}") = "06 Repositories", "06 Repositories", "{338826BA-0785-4C75-A1B4-19F0CFA5CA13}"
EndProject
Project("{2150E333-8FDC-42A3-9474-1A3956D46DE8}") = "07 Transversal", "07 Transversal", "{8E720F87-53B1-43FF-A070-44B6FB9882EE}"
EndProject
Project("{9A19103F-16F7-4668-BE54-9A1E7A4F7556}") = "Ejercicio2.Api.Domain", "Domain\Ejercicio2.Api.Domain\Ejercicio2.Api.Domain.csproj", "{D3287E0F-6026-4A94-BCAD-91EE2CB88B92}"
EndProject
Project("{9A19103F-16F7-4668-BE54-9A1E7A4F7556}") = "Ejercicio2.Api.Entities", "Entities\Ejercicio2.Api.Entities\Ejercicio2.Api.Entities.csproj", "{D0FD0E2F-48D4-4200-9916-3B673AD92F6F}"
EndProject
Project("{9A19103F-16F7-4668-BE54-9A1E7A4F7556}") = "Ejercicio2.Api.Repository.Interfaces", "Repositories\Ejercicio2.Api.Repository.Interfaces\Ejercicio2.Api.Repository.Interfaces.csproj", "{EDA86B59-AC49-41A4-9BCE-B59010DC48D8}"
EndProject
Project("{9A19103F-16F7-4668-BE54-9A1E7A4F7556}") = "Ejercicio2.Api.Repository.MsSql", "Repositories\Ejercicio2.Api.Repository.MsSql\Ejercicio2.Api.Repository.MsSql.csproj", "{7E0AD4CE-E9AE-4420-968F-69363C965F94}"
EndProject
Project("{9A19103F-16F7-4668-BE54-9A1E7A4F7556}") = "Ejercicio2.Api.Repository.Sqlite", "Repositories\Ejercicio2.Api.Repository.Sqlite\Ejercicio2.Api.Repository.Sqlite.csproj", "{A107DD9A-A9C3-4AA3-A67B-A7B0CAF6CE58}"
EndProject
Project("{9A19103F-16F7-4668-BE54-9A1E7A4F7556}") = "Ejercicio2.Api.Auth", "Apis\Ejercicio2.Api.Auth\Ejercicio2.Api.Auth.csproj", "{59414AEA-6F22-424F-9C05-AC4F9EED9F54}"
EndProject
Project("{9A19103F-16F7-4668-BE54-9A1E7A4F7556}") = "Ejercicio2.Api.Users", "Apis\Ejercicio2.Api.Users\Ejercicio2.Api.Users.csproj", "{1FEC8375-5C1B-4241-BC58-AC0EB2C4A999}"
EndProject
Project("{2150E333-8FDC-42A3-9474-1A3956D46DE8}") = "03UnitOfWork", "03UnitOfWork", "{A61ABFDF-1764-4171-B4BE-9F62B030334F}"
EndProject
Project("{9A19103F-16F7-4668-BE54-9A1E7A4F7556}") = "Ejercicio2.Api.UnitOfWork.Interfaces", "UnitOfWork\Ejercicio2.Api.UnitOfWork.Interfaces\Ejercicio2.Api.UnitOfWork.Interfaces.csproj", "{677FFA2B-FB40-4907-9C24-C173FA251ADF}"
EndProject
Project("{9A19103F-16F7-4668-BE54-9A1E7A4F7556}") = "Ejercicio2.Api.UnitOfWork.MsSql", "UnitOfWork\Ejercicio2.Api.UnitOfWork.SqlServer\Ejercicio2.Api.UnitOfWork.MsSql.csproj", "{5313F138-2273-43ED-BD49-F131D951972C}"
EndProject
Project("{2150E333-8FDC-42A3-9474-1A3956D46DE8}") = "05 Context", "05 Context", "{7E8687CE-636F-401B-810C-9B942A9769C4}"
EndProject
Project("{9A19103F-16F7-4668-BE54-9A1E7A4F7556}") = "Ejercicio2.Api.UnitOfWork.Sqlite", "UnitOfWork\Ejercicio2.Api.UnitOfWork.Sqlite\Ejercicio2.Api.UnitOfWork.Sqlite.csproj", "{CCAEF460-54E5-49BA-9FD0-CF9343050A48}"
EndProject
Project("{9A19103F-16F7-4668-BE54-9A1E7A4F7556}") = "Ejercicio2.Api.Context.MsSql", "Context\Ejercicio2.Api.Context.MsSql\Ejercicio2.Api.Context.MsSql.csproj", "{6B2604ED-3E60-4389-BEA1-D6E6A86D0C1A}"
EndProject
Project("{9A19103F-16F7-4668-BE54-9A1E7A4F7556}") = "Ejercicio2.Api.Context.Sqlite", "Context\Ejercicio2.Api.Context.Sqlite\Ejercicio2.Api.Context.Sqlite.csproj", "{93D88EA3-1D61-42FF-98BC-B1A7A40A3E29}"
EndProject
Project("{FAE04EC0-301F-11D3-BF4B-00C04F79EFBC}") = "Ejercicio2.Api.Transversal.HttpApi", "Transversal\Ejercicio2.Api.Transversal.HttpApi\Ejercicio2.Api.Transversal.HttpApi.csproj", "{2F62AE95-2650-4566-A111-2BA89225ED30}"
EndProject
Project("{9A19103F-16F7-4668-BE54-9A1E7A4F7556}") = "Ejercicio2.Api.Transversal.AuthJwt", "Transversal\Ejercicio2.Api.Transversal.AuthJwt\Ejercicio2.Api.Transversal.AuthJwt.csproj", "{001AC9DB-4E7D-453D-BCC0-0F01BDD00A3A}"
EndProject
Project("{9A19103F-16F7-4668-BE54-9A1E7A4F7556}") = "Ejercicio2.Api.Transversal.Common", "Transversal\Ejercicio2.Api.Transversal.Common\Ejercicio2.Api.Transversal.Common.csproj", "{77C39AE0-EFDA-4EBB-90BB-8E7CFE8D52B6}"
EndProject
Global
	GlobalSection(SolutionConfigurationPlatforms) = preSolution
		Debug|Any CPU = Debug|Any CPU
		Release|Any CPU = Release|Any CPU
	EndGlobalSection
	GlobalSection(ProjectConfigurationPlatforms) = postSolution
		{D3287E0F-6026-4A94-BCAD-91EE2CB88B92}.Debug|Any CPU.ActiveCfg = Debug|Any CPU
		{D3287E0F-6026-4A94-BCAD-91EE2CB88B92}.Debug|Any CPU.Build.0 = Debug|Any CPU
		{D3287E0F-6026-4A94-BCAD-91EE2CB88B92}.Release|Any CPU.ActiveCfg = Release|Any CPU
		{D3287E0F-6026-4A94-BCAD-91EE2CB88B92}.Release|Any CPU.Build.0 = Release|Any CPU
		{D0FD0E2F-48D4-4200-9916-3B673AD92F6F}.Debug|Any CPU.ActiveCfg = Debug|Any CPU
		{D0FD0E2F-48D4-4200-9916-3B673AD92F6F}.Debug|Any CPU.Build.0 = Debug|Any CPU
		{D0FD0E2F-48D4-4200-9916-3B673AD92F6F}.Release|Any CPU.ActiveCfg = Release|Any CPU
		{D0FD0E2F-48D4-4200-9916-3B673AD92F6F}.Release|Any CPU.Build.0 = Release|Any CPU
		{EDA86B59-AC49-41A4-9BCE-B59010DC48D8}.Debug|Any CPU.ActiveCfg = Debug|Any CPU
		{EDA86B59-AC49-41A4-9BCE-B59010DC48D8}.Debug|Any CPU.Build.0 = Debug|Any CPU
		{EDA86B59-AC49-41A4-9BCE-B59010DC48D8}.Release|Any CPU.ActiveCfg = Release|Any CPU
		{EDA86B59-AC49-41A4-9BCE-B59010DC48D8}.Release|Any CPU.Build.0 = Release|Any CPU
		{7E0AD4CE-E9AE-4420-968F-69363C965F94}.Debug|Any CPU.ActiveCfg = Debug|Any CPU
		{7E0AD4CE-E9AE-4420-968F-69363C965F94}.Debug|Any CPU.Build.0 = Debug|Any CPU
		{7E0AD4CE-E9AE-4420-968F-69363C965F94}.Release|Any CPU.ActiveCfg = Release|Any CPU
		{7E0AD4CE-E9AE-4420-968F-69363C965F94}.Release|Any CPU.Build.0 = Release|Any CPU
		{A107DD9A-A9C3-4AA3-A67B-A7B0CAF6CE58}.Debug|Any CPU.ActiveCfg = Debug|Any CPU
		{A107DD9A-A9C3-4AA3-A67B-A7B0CAF6CE58}.Debug|Any CPU.Build.0 = Debug|Any CPU
		{A107DD9A-A9C3-4AA3-A67B-A7B0CAF6CE58}.Release|Any CPU.ActiveCfg = Release|Any CPU
		{A107DD9A-A9C3-4AA3-A67B-A7B0CAF6CE58}.Release|Any CPU.Build.0 = Release|Any CPU
		{59414AEA-6F22-424F-9C05-AC4F9EED9F54}.Debug|Any CPU.ActiveCfg = Debug|Any CPU
		{59414AEA-6F22-424F-9C05-AC4F9EED9F54}.Debug|Any CPU.Build.0 = Debug|Any CPU
		{59414AEA-6F22-424F-9C05-AC4F9EED9F54}.Release|Any CPU.ActiveCfg = Release|Any CPU
		{59414AEA-6F22-424F-9C05-AC4F9EED9F54}.Release|Any CPU.Build.0 = Release|Any CPU
		{1FEC8375-5C1B-4241-BC58-AC0EB2C4A999}.Debug|Any CPU.ActiveCfg = Debug|Any CPU
		{1FEC8375-5C1B-4241-BC58-AC0EB2C4A999}.Debug|Any CPU.Build.0 = Debug|Any CPU
		{1FEC8375-5C1B-4241-BC58-AC0EB2C4A999}.Release|Any CPU.ActiveCfg = Release|Any CPU
		{1FEC8375-5C1B-4241-BC58-AC0EB2C4A999}.Release|Any CPU.Build.0 = Release|Any CPU
		{677FFA2B-FB40-4907-9C24-C173FA251ADF}.Debug|Any CPU.ActiveCfg = Debug|Any CPU
		{677FFA2B-FB40-4907-9C24-C173FA251ADF}.Debug|Any CPU.Build.0 = Debug|Any CPU
		{677FFA2B-FB40-4907-9C24-C173FA251ADF}.Release|Any CPU.ActiveCfg = Release|Any CPU
		{677FFA2B-FB40-4907-9C24-C173FA251ADF}.Release|Any CPU.Build.0 = Release|Any CPU
		{5313F138-2273-43ED-BD49-F131D951972C}.Debug|Any CPU.ActiveCfg = Debug|Any CPU
		{5313F138-2273-43ED-BD49-F131D951972C}.Debug|Any CPU.Build.0 = Debug|Any CPU
		{5313F138-2273-43ED-BD49-F131D951972C}.Release|Any CPU.ActiveCfg = Release|Any CPU
		{5313F138-2273-43ED-BD49-F131D951972C}.Release|Any CPU.Build.0 = Release|Any CPU
		{CCAEF460-54E5-49BA-9FD0-CF9343050A48}.Debug|Any CPU.ActiveCfg = Debug|Any CPU
		{CCAEF460-54E5-49BA-9FD0-CF9343050A48}.Debug|Any CPU.Build.0 = Debug|Any CPU
		{CCAEF460-54E5-49BA-9FD0-CF9343050A48}.Release|Any CPU.ActiveCfg = Release|Any CPU
		{CCAEF460-54E5-49BA-9FD0-CF9343050A48}.Release|Any CPU.Build.0 = Release|Any CPU
		{6B2604ED-3E60-4389-BEA1-D6E6A86D0C1A}.Debug|Any CPU.ActiveCfg = Debug|Any CPU
		{6B2604ED-3E60-4389-BEA1-D6E6A86D0C1A}.Debug|Any CPU.Build.0 = Debug|Any CPU
		{6B2604ED-3E60-4389-BEA1-D6E6A86D0C1A}.Release|Any CPU.ActiveCfg = Release|Any CPU
		{6B2604ED-3E60-4389-BEA1-D6E6A86D0C1A}.Release|Any CPU.Build.0 = Release|Any CPU
		{93D88EA3-1D61-42FF-98BC-B1A7A40A3E29}.Debug|Any CPU.ActiveCfg = Debug|Any CPU
		{93D88EA3-1D61-42FF-98BC-B1A7A40A3E29}.Debug|Any CPU.Build.0 = Debug|Any CPU
		{93D88EA3-1D61-42FF-98BC-B1A7A40A3E29}.Release|Any CPU.ActiveCfg = Release|Any CPU
		{93D88EA3-1D61-42FF-98BC-B1A7A40A3E29}.Release|Any CPU.Build.0 = Release|Any CPU
		{2F62AE95-2650-4566-A111-2BA89225ED30}.Debug|Any CPU.ActiveCfg = Debug|Any CPU
		{2F62AE95-2650-4566-A111-2BA89225ED30}.Debug|Any CPU.Build.0 = Debug|Any CPU
		{2F62AE95-2650-4566-A111-2BA89225ED30}.Release|Any CPU.ActiveCfg = Release|Any CPU
		{2F62AE95-2650-4566-A111-2BA89225ED30}.Release|Any CPU.Build.0 = Release|Any CPU
		{001AC9DB-4E7D-453D-BCC0-0F01BDD00A3A}.Debug|Any CPU.ActiveCfg = Debug|Any CPU
		{001AC9DB-4E7D-453D-BCC0-0F01BDD00A3A}.Debug|Any CPU.Build.0 = Debug|Any CPU
		{001AC9DB-4E7D-453D-BCC0-0F01BDD00A3A}.Release|Any CPU.ActiveCfg = Release|Any CPU
		{001AC9DB-4E7D-453D-BCC0-0F01BDD00A3A}.Release|Any CPU.Build.0 = Release|Any CPU
		{77C39AE0-EFDA-4EBB-90BB-8E7CFE8D52B6}.Debug|Any CPU.ActiveCfg = Debug|Any CPU
		{77C39AE0-EFDA-4EBB-90BB-8E7CFE8D52B6}.Debug|Any CPU.Build.0 = Debug|Any CPU
		{77C39AE0-EFDA-4EBB-90BB-8E7CFE8D52B6}.Release|Any CPU.ActiveCfg = Release|Any CPU
		{77C39AE0-EFDA-4EBB-90BB-8E7CFE8D52B6}.Release|Any CPU.Build.0 = Release|Any CPU
	EndGlobalSection
	GlobalSection(SolutionProperties) = preSolution
		HideSolutionNode = FALSE
	EndGlobalSection
	GlobalSection(NestedProjects) = preSolution
		{D3287E0F-6026-4A94-BCAD-91EE2CB88B92} = {65E4B508-A4D3-411B-9CBA-B0082E28B356}
		{D0FD0E2F-48D4-4200-9916-3B673AD92F6F} = {3CB9D79A-D7F1-4A5D-A51A-FCF34AAD7D95}
		{EDA86B59-AC49-41A4-9BCE-B59010DC48D8} = {338826BA-0785-4C75-A1B4-19F0CFA5CA13}
		{7E0AD4CE-E9AE-4420-968F-69363C965F94} = {338826BA-0785-4C75-A1B4-19F0CFA5CA13}
		{A107DD9A-A9C3-4AA3-A67B-A7B0CAF6CE58} = {338826BA-0785-4C75-A1B4-19F0CFA5CA13}
		{59414AEA-6F22-424F-9C05-AC4F9EED9F54} = {DAD37EDC-AD77-4E70-B2ED-39D9B4B7A13C}
		{1FEC8375-5C1B-4241-BC58-AC0EB2C4A999} = {DAD37EDC-AD77-4E70-B2ED-39D9B4B7A13C}
		{677FFA2B-FB40-4907-9C24-C173FA251ADF} = {A61ABFDF-1764-4171-B4BE-9F62B030334F}
		{5313F138-2273-43ED-BD49-F131D951972C} = {A61ABFDF-1764-4171-B4BE-9F62B030334F}
		{CCAEF460-54E5-49BA-9FD0-CF9343050A48} = {A61ABFDF-1764-4171-B4BE-9F62B030334F}
		{6B2604ED-3E60-4389-BEA1-D6E6A86D0C1A} = {7E8687CE-636F-401B-810C-9B942A9769C4}
		{93D88EA3-1D61-42FF-98BC-B1A7A40A3E29} = {7E8687CE-636F-401B-810C-9B942A9769C4}
		{2F62AE95-2650-4566-A111-2BA89225ED30} = {8E720F87-53B1-43FF-A070-44B6FB9882EE}
		{001AC9DB-4E7D-453D-BCC0-0F01BDD00A3A} = {8E720F87-53B1-43FF-A070-44B6FB9882EE}
		{77C39AE0-EFDA-4EBB-90BB-8E7CFE8D52B6} = {8E720F87-53B1-43FF-A070-44B6FB9882EE}
	EndGlobalSection
	GlobalSection(ExtensibilityGlobals) = postSolution
		SolutionGuid = {AA17BC0E-6D05-4FD9-8173-26A1767FB228}
	EndGlobalSection
EndGlobal
